// !$*UTF8*$!
{
	archiveVersion = 1;
	classes = {
	};
	objectVersion = 55;
	objects = {

/* Begin PBXBuildFile section */
		5E76BF3B280E8EAC009C8E90 /* AppDelegate.m in Sources */ = {isa = PBXBuildFile; fileRef = 5E76BF3A280E8EAC009C8E90 /* AppDelegate.m */; };
		5E76BF3E280E8EAC009C8E90 /* SceneDelegate.m in Sources */ = {isa = PBXBuildFile; fileRef = 5E76BF3D280E8EAC009C8E90 /* SceneDelegate.m */; };
		5E76BF41280E8EAC009C8E90 /* ViewController.m in Sources */ = {isa = PBXBuildFile; fileRef = 5E76BF40280E8EAC009C8E90 /* ViewController.m */; };
		5E76BF44280E8EAC009C8E90 /* Main.storyboard in Resources */ = {isa = PBXBuildFile; fileRef = 5E76BF42280E8EAC009C8E90 /* Main.storyboard */; };
		5E76BF46280E8EAD009C8E90 /* Assets.xcassets in Resources */ = {isa = PBXBuildFile; fileRef = 5E76BF45280E8EAD009C8E90 /* Assets.xcassets */; };
		5E76BF49280E8EAD009C8E90 /* LaunchScreen.storyboard in Resources */ = {isa = PBXBuildFile; fileRef = 5E76BF47280E8EAD009C8E90 /* LaunchScreen.storyboard */; };
		5E76BF4C280E8EAD009C8E90 /* main.m in Sources */ = {isa = PBXBuildFile; fileRef = 5E76BF4B280E8EAD009C8E90 /* main.m */; };
		E0C4B6AAF4D7D73C726F1070 /* Pods_MMHiSingDemo.framework in Frameworks */ = {isa = PBXBuildFile; fileRef = 63F73E0D4D57A1DFAE142E40 /* Pods_MMHiSingDemo.framework */; };
/* End PBXBuildFile section */

/* Begin PBXContainerItemProxy section */
		5E76BF52280E8EAE009C8E90 /* PBXContainerItemProxy */ = {
			isa = PBXContainerItemProxy;
			containerPortal = 5E76BF2E280E8EAC009C8E90 /* Project object */;
			proxyType = 1;
			remoteGlobalIDString = 5E76BF35280E8EAC009C8E90;
			remoteInfo = MMHiSingDemo;
		};
		5E76BF5C280E8EAE009C8E90 /* PBXContainerItemProxy */ = {
			isa = PBXContainerItemProxy;
			containerPortal = 5E76BF2E280E8EAC009C8E90 /* Project object */;
			proxyType = 1;
			remoteGlobalIDString = 5E76BF35280E8EAC009C8E90;
			remoteInfo = MMHiSingDemo;
		};
/* End PBXContainerItemProxy section */

/* Begin PBXFileReference section */
		46B468FEF53E096E3FD9882D /* Pods-MMHiSingDemo.release.xcconfig */ = {isa = PBXFileReference; includeInIndex = 1; lastKnownFileType = text.xcconfig; name = "Pods-MMHiSingDemo.release.xcconfig"; path = "Target Support Files/Pods-MMHiSingDemo/Pods-MMHiSingDemo.release.xcconfig"; sourceTree = "<group>"; };
		5E76BF36280E8EAC009C8E90 /* MMHiSingDemo.app */ = {isa = PBXFileReference; explicitFileType = wrapper.application; includeInIndex = 0; path = MMHiSingDemo.app; sourceTree = BUILT_PRODUCTS_DIR; };
		5E76BF39280E8EAC009C8E90 /* AppDelegate.h */ = {isa = PBXFileReference; lastKnownFileType = sourcecode.c.h; path = AppDelegate.h; sourceTree = "<group>"; };
		5E76BF3A280E8EAC009C8E90 /* AppDelegate.m */ = {isa = PBXFileReference; lastKnownFileType = sourcecode.c.objc; path = AppDelegate.m; sourceTree = "<group>"; };
		5E76BF3C280E8EAC009C8E90 /* SceneDelegate.h */ = {isa = PBXFileReference; lastKnownFileType = sourcecode.c.h; path = SceneDelegate.h; sourceTree = "<group>"; };
		5E76BF3D280E8EAC009C8E90 /* SceneDelegate.m */ = {isa = PBXFileReference; lastKnownFileType = sourcecode.c.objc; path = SceneDelegate.m; sourceTree = "<group>"; };
		5E76BF3F280E8EAC009C8E90 /* ViewController.h */ = {isa = PBXFileReference; lastKnownFileType = sourcecode.c.h; path = ViewController.h; sourceTree = "<group>"; };
		5E76BF40280E8EAC009C8E90 /* ViewController.m */ = {isa = PBXFileReference; lastKnownFileType = sourcecode.c.objc; path = ViewController.m; sourceTree = "<group>"; };
		5E76BF43280E8EAC009C8E90 /* Base */ = {isa = PBXFileReference; lastKnownFileType = file.storyboard; name = Base; path = Base.lproj/Main.storyboard; sourceTree = "<group>"; };
		5E76BF45280E8EAD009C8E90 /* Assets.xcassets */ = {isa = PBXFileReference; lastKnownFileType = folder.assetcatalog; path = Assets.xcassets; sourceTree = "<group>"; };
		5E76BF48280E8EAD009C8E90 /* Base */ = {isa = PBXFileReference; lastKnownFileType = file.storyboard; name = Base; path = Base.lproj/LaunchScreen.storyboard; sourceTree = "<group>"; };
		5E76BF4A280E8EAD009C8E90 /* Info.plist */ = {isa = PBXFileReference; lastKnownFileType = text.plist.xml; path = Info.plist; sourceTree = "<group>"; };
		5E76BF4B280E8EAD009C8E90 /* main.m */ = {isa = PBXFileReference; lastKnownFileType = sourcecode.c.objc; path = main.m; sourceTree = "<group>"; };
		5E76BF51280E8EAE009C8E90 /* MMHiSingDemoTests.xctest */ = {isa = PBXFileReference; explicitFileType = wrapper.cfbundle; includeInIndex = 0; path = MMHiSingDemoTests.xctest; sourceTree = BUILT_PRODUCTS_DIR; };
		5E76BF5B280E8EAE009C8E90 /* MMHiSingDemoUITests.xctest */ = {isa = PBXFileReference; explicitFileType = wrapper.cfbundle; includeInIndex = 0; path = MMHiSingDemoUITests.xctest; sourceTree = BUILT_PRODUCTS_DIR; };
		63F73E0D4D57A1DFAE142E40 /* Pods_MMHiSingDemo.framework */ = {isa = PBXFileReference; explicitFileType = wrapper.framework; includeInIndex = 0; path = Pods_MMHiSingDemo.framework; sourceTree = BUILT_PRODUCTS_DIR; };
		AA0EE5B0B397D5D6F1FE9FD1 /* Pods-MMHiSingDemo.debug.xcconfig */ = {isa = PBXFileReference; includeInIndex = 1; lastKnownFileType = text.xcconfig; name = "Pods-MMHiSingDemo.debug.xcconfig"; path = "Target Support Files/Pods-MMHiSingDemo/Pods-MMHiSingDemo.debug.xcconfig"; sourceTree = "<group>"; };
/* End PBXFileReference section */

/* Begin PBXFrameworksBuildPhase section */
		5E76BF33280E8EAC009C8E90 /* Frameworks */ = {
			isa = PBXFrameworksBuildPhase;
			buildActionMask = 2147483647;
			files = (
				E0C4B6AAF4D7D73C726F1070 /* Pods_MMHiSingDemo.framework in Frameworks */,
			);
			runOnlyForDeploymentPostprocessing = 0;
		};
		5E76BF4E280E8EAE009C8E90 /* Frameworks */ = {
			isa = PBXFrameworksBuildPhase;
			buildActionMask = 2147483647;
			files = (
			);
			runOnlyForDeploymentPostprocessing = 0;
		};
		5E76BF58280E8EAE009C8E90 /* Frameworks */ = {
			isa = PBXFrameworksBuildPhase;
			buildActionMask = 2147483647;
			files = (
			);
			runOnlyForDeploymentPostprocessing = 0;
		};
/* End PBXFrameworksBuildPhase section */

/* Begin PBXGroup section */
		5E76BF2D280E8EAC009C8E90 = {
			isa = PBXGroup;
			children = (
				5E76BF38280E8EAC009C8E90 /* MMHiSingDemo */,
				5E76BF37280E8EAC009C8E90 /* Products */,
				B23213E167FE2266AA336CF3 /* Pods */,
				B780C53B918C443278E03FD2 /* Frameworks */,
			);
			sourceTree = "<group>";
		};
		5E76BF37280E8EAC009C8E90 /* Products */ = {
			isa = PBXGroup;
			children = (
				5E76BF36280E8EAC009C8E90 /* MMHiSingDemo.app */,
				5E76BF51280E8EAE009C8E90 /* MMHiSingDemoTests.xctest */,
				5E76BF5B280E8EAE009C8E90 /* MMHiSingDemoUITests.xctest */,
			);
			name = Products;
			sourceTree = "<group>";
		};
		5E76BF38280E8EAC009C8E90 /* MMHiSingDemo */ = {
			isa = PBXGroup;
			children = (
				5E76BF39280E8EAC009C8E90 /* AppDelegate.h */,
				5E76BF3A280E8EAC009C8E90 /* AppDelegate.m */,
				5E76BF3C280E8EAC009C8E90 /* SceneDelegate.h */,
				5E76BF3D280E8EAC009C8E90 /* SceneDelegate.m */,
				5E76BF3F280E8EAC009C8E90 /* ViewController.h */,
				5E76BF40280E8EAC009C8E90 /* ViewController.m */,
				5E76BF42280E8EAC009C8E90 /* Main.storyboard */,
				5E76BF45280E8EAD009C8E90 /* Assets.xcassets */,
				5E76BF47280E8EAD009C8E90 /* LaunchScreen.storyboard */,
				5E76BF4A280E8EAD009C8E90 /* Info.plist */,
				5E76BF4B280E8EAD009C8E90 /* main.m */,
			);
			path = MMHiSingDemo;
			sourceTree = "<group>";
		};
		B23213E167FE2266AA336CF3 /* Pods */ = {
			isa = PBXGroup;
			children = (
				AA0EE5B0B397D5D6F1FE9FD1 /* Pods-MMHiSingDemo.debug.xcconfig */,
				46B468FEF53E096E3FD9882D /* Pods-MMHiSingDemo.release.xcconfig */,
			);
			name = Pods;
			path = Pods;
			sourceTree = "<group>";
		};
		B780C53B918C443278E03FD2 /* Frameworks */ = {
			isa = PBXGroup;
			children = (
				63F73E0D4D57A1DFAE142E40 /* Pods_MMHiSingDemo.framework */,
			);
			name = Frameworks;
			sourceTree = "<group>";
		};
/* End PBXGroup section */

/* Begin PBXNativeTarget section */
		5E76BF35280E8EAC009C8E90 /* MMHiSingDemo */ = {
			isa = PBXNativeTarget;
			buildConfigurationList = 5E76BF65280E8EAE009C8E90 /* Build configuration list for PBXNativeTarget "MMHiSingDemo" */;
			buildPhases = (
				7F0C9F5A4BF4230F88B69922 /* [CP] Check Pods Manifest.lock */,
				5E76BF32280E8EAC009C8E90 /* Sources */,
				5E76BF33280E8EAC009C8E90 /* Frameworks */,
				5E76BF34280E8EAC009C8E90 /* Resources */,
				6158B9189F4CC614EF660E3B /* [CP] Copy Pods Resources */,
			);
			buildRules = (
			);
			dependencies = (
			);
			name = MMHiSingDemo;
			productName = MMHiSingDemo;
			productReference = 5E76BF36280E8EAC009C8E90 /* MMHiSingDemo.app */;
			productType = "com.apple.product-type.application";
		};
		5E76BF50280E8EAE009C8E90 /* MMHiSingDemoTests */ = {
			isa = PBXNativeTarget;
			buildConfigurationList = 5E76BF68280E8EAE009C8E90 /* Build configuration list for PBXNativeTarget "MMHiSingDemoTests" */;
			buildPhases = (
				5E76BF4D280E8EAE009C8E90 /* Sources */,
				5E76BF4E280E8EAE009C8E90 /* Frameworks */,
				5E76BF4F280E8EAE009C8E90 /* Resources */,
			);
			buildRules = (
			);
			dependencies = (
				5E76BF53280E8EAE009C8E90 /* PBXTargetDependency */,
			);
			name = MMHiSingDemoTests;
			productName = MMHiSingDemoTests;
			productReference = 5E76BF51280E8EAE009C8E90 /* MMHiSingDemoTests.xctest */;
			productType = "com.apple.product-type.bundle.unit-test";
		};
		5E76BF5A280E8EAE009C8E90 /* MMHiSingDemoUITests */ = {
			isa = PBXNativeTarget;
			buildConfigurationList = 5E76BF6B280E8EAE009C8E90 /* Build configuration list for PBXNativeTarget "MMHiSingDemoUITests" */;
			buildPhases = (
				5E76BF57280E8EAE009C8E90 /* Sources */,
				5E76BF58280E8EAE009C8E90 /* Frameworks */,
				5E76BF59280E8EAE009C8E90 /* Resources */,
			);
			buildRules = (
			);
			dependencies = (
				5E76BF5D280E8EAE009C8E90 /* PBXTargetDependency */,
			);
			name = MMHiSingDemoUITests;
			productName = MMHiSingDemoUITests;
			productReference = 5E76BF5B280E8EAE009C8E90 /* MMHiSingDemoUITests.xctest */;
			productType = "com.apple.product-type.bundle.ui-testing";
		};
/* End PBXNativeTarget section */

/* Begin PBXProject section */
		5E76BF2E280E8EAC009C8E90 /* Project object */ = {
			isa = PBXProject;
			attributes = {
				BuildIndependentTargetsInParallel = 1;
				LastUpgradeCheck = 1320;
				TargetAttributes = {
					5E76BF35280E8EAC009C8E90 = {
						CreatedOnToolsVersion = 13.2.1;
					};
					5E76BF50280E8EAE009C8E90 = {
						CreatedOnToolsVersion = 13.2.1;
						TestTargetID = 5E76BF35280E8EAC009C8E90;
					};
					5E76BF5A280E8EAE009C8E90 = {
						CreatedOnToolsVersion = 13.2.1;
						TestTargetID = 5E76BF35280E8EAC009C8E90;
					};
				};
			};
			buildConfigurationList = 5E76BF31280E8EAC009C8E90 /* Build configuration list for PBXProject "MMHiSingDemo" */;
			compatibilityVersion = "Xcode 13.0";
			developmentRegion = en;
			hasScannedForEncodings = 0;
			knownRegions = (
				en,
				Base,
			);
			mainGroup = 5E76BF2D280E8EAC009C8E90;
			productRefGroup = 5E76BF37280E8EAC009C8E90 /* Products */;
			projectDirPath = "";
			projectRoot = "";
			targets = (
				5E76BF35280E8EAC009C8E90 /* MMHiSingDemo */,
				5E76BF50280E8EAE009C8E90 /* MMHiSingDemoTests */,
				5E76BF5A280E8EAE009C8E90 /* MMHiSingDemoUITests */,
			);
		};
/* End PBXProject section */

/* Begin PBXResourcesBuildPhase section */
		5E76BF34280E8EAC009C8E90 /* Resources */ = {
			isa = PBXResourcesBuildPhase;
			buildActionMask = 2147483647;
			files = (
				5E76BF49280E8EAD009C8E90 /* LaunchScreen.storyboard in Resources */,
				5E76BF46280E8EAD009C8E90 /* Assets.xcassets in Resources */,
				5E76BF44280E8EAC009C8E90 /* Main.storyboard in Resources */,
			);
			runOnlyForDeploymentPostprocessing = 0;
		};
		5E76BF4F280E8EAE009C8E90 /* Resources */ = {
			isa = PBXResourcesBuildPhase;
			buildActionMask = 2147483647;
			files = (
			);
			runOnlyForDeploymentPostprocessing = 0;
		};
		5E76BF59280E8EAE009C8E90 /* Resources */ = {
			isa = PBXResourcesBuildPhase;
			buildActionMask = 2147483647;
			files = (
			);
			runOnlyForDeploymentPostprocessing = 0;
		};
/* End PBXResourcesBuildPhase section */

/* Begin PBXShellScriptBuildPhase section */
		6158B9189F4CC614EF660E3B /* [CP] Copy Pods Resources */ = {
			isa = PBXShellScriptBuildPhase;
			buildActionMask = 2147483647;
			files = (
			);
			inputFileListPaths = (
				"${PODS_ROOT}/Target Support Files/Pods-MMHiSingDemo/Pods-MMHiSingDemo-resources-${CONFIGURATION}-input-files.xcfilelist",
			);
			name = "[CP] Copy Pods Resources";
			outputFileListPaths = (
				"${PODS_ROOT}/Target Support Files/Pods-MMHiSingDemo/Pods-MMHiSingDemo-resources-${CONFIGURATION}-output-files.xcfilelist",
			);
			runOnlyForDeploymentPostprocessing = 0;
			shellPath = /bin/sh;
			shellScript = "\"${PODS_ROOT}/Target Support Files/Pods-MMHiSingDemo/Pods-MMHiSingDemo-resources.sh\"\n";
			showEnvVarsInLog = 0;
		};
		7F0C9F5A4BF4230F88B69922 /* [CP] Check Pods Manifest.lock */ = {
			isa = PBXShellScriptBuildPhase;
			buildActionMask = 2147483647;
			files = (
			);
			inputFileListPaths = (
			);
			inputPaths = (
				"${PODS_PODFILE_DIR_PATH}/Podfile.lock",
				"${PODS_ROOT}/Manifest.lock",
			);
			name = "[CP] Check Pods Manifest.lock";
			outputFileListPaths = (
			);
			outputPaths = (
				"$(DERIVED_FILE_DIR)/Pods-MMHiSingDemo-checkManifestLockResult.txt",
			);
			runOnlyForDeploymentPostprocessing = 0;
			shellPath = /bin/sh;
			shellScript = "diff \"${PODS_PODFILE_DIR_PATH}/Podfile.lock\" \"${PODS_ROOT}/Manifest.lock\" > /dev/null\nif [ $? != 0 ] ; then\n    # print error to STDERR\n    echo \"error: The sandbox is not in sync with the Podfile.lock. Run 'pod install' or update your CocoaPods installation.\" >&2\n    exit 1\nfi\n# This output is used by Xcode 'outputs' to avoid re-running this script phase.\necho \"SUCCESS\" > \"${SCRIPT_OUTPUT_FILE_0}\"\n";
			showEnvVarsInLog = 0;
		};
/* End PBXShellScriptBuildPhase section */

/* Begin PBXSourcesBuildPhase section */
		5E76BF32280E8EAC009C8E90 /* Sources */ = {
			isa = PBXSourcesBuildPhase;
			buildActionMask = 2147483647;
			files = (
				5E76BF41280E8EAC009C8E90 /* ViewController.m in Sources */,
				5E76BF3B280E8EAC009C8E90 /* AppDelegate.m in Sources */,
				5E76BF4C280E8EAD009C8E90 /* main.m in Sources */,
				5E76BF3E280E8EAC009C8E90 /* SceneDelegate.m in Sources */,
			);
			runOnlyForDeploymentPostprocessing = 0;
		};
		5E76BF4D280E8EAE009C8E90 /* Sources */ = {
			isa = PBXSourcesBuildPhase;
			buildActionMask = 2147483647;
			files = (
			);
			runOnlyForDeploymentPostprocessing = 0;
		};
		5E76BF57280E8EAE009C8E90 /* Sources */ = {
			isa = PBXSourcesBuildPhase;
			buildActionMask = 2147483647;
			files = (
			);
			runOnlyForDeploymentPostprocessing = 0;
		};
/* End PBXSourcesBuildPhase section */

/* Begin PBXTargetDependency section */
		5E76BF53280E8EAE009C8E90 /* PBXTargetDependency */ = {
			isa = PBXTargetDependency;
			target = 5E76BF35280E8EAC009C8E90 /* MMHiSingDemo */;
			targetProxy = 5E76BF52280E8EAE009C8E90 /* PBXContainerItemProxy */;
		};
		5E76BF5D280E8EAE009C8E90 /* PBXTargetDependency */ = {
			isa = PBXTargetDependency;
			target = 5E76BF35280E8EAC009C8E90 /* MMHiSingDemo */;
			targetProxy = 5E76BF5C280E8EAE009C8E90 /* PBXContainerItemProxy */;
		};
/* End PBXTargetDependency section */

/* Begin PBXVariantGroup section */
		5E76BF42280E8EAC009C8E90 /* Main.storyboard */ = {
			isa = PBXVariantGroup;
			children = (
				5E76BF43280E8EAC009C8E90 /* Base */,
			);
			name = Main.storyboard;
			sourceTree = "<group>";
		};
		5E76BF47280E8EAD009C8E90 /* LaunchScreen.storyboard */ = {
			isa = PBXVariantGroup;
			children = (
				5E76BF48280E8EAD009C8E90 /* Base */,
			);
			name = LaunchScreen.storyboard;
			sourceTree = "<group>";
		};
/* End PBXVariantGroup section */

/* Begin XCBuildConfiguration section */
		5E76BF63280E8EAE009C8E90 /* Debug */ = {
			isa = XCBuildConfiguration;
			buildSettings = {
				ALWAYS_SEARCH_USER_PATHS = NO;
				CLANG_ANALYZER_NONNULL = YES;
				CLANG_ANALYZER_NUMBER_OBJECT_CONVERSION = YES_AGGRESSIVE;
				CLANG_CXX_LANGUAGE_STANDARD = "gnu++17";
				CLANG_CXX_LIBRARY = "libc++";
				CLANG_ENABLE_MODULES = YES;
				CLANG_ENABLE_OBJC_ARC = YES;
				CLANG_ENABLE_OBJC_WEAK = YES;
				CLANG_WARN_BLOCK_CAPTURE_AUTORELEASING = YES;
				CLANG_WARN_BOOL_CONVERSION = YES;
				CLANG_WARN_COMMA = YES;
				CLANG_WARN_CONSTANT_CONVERSION = YES;
				CLANG_WARN_DEPRECATED_OBJC_IMPLEMENTATIONS = YES;
				CLANG_WARN_DIRECT_OBJC_ISA_USAGE = YES_ERROR;
				CLANG_WARN_DOCUMENTATION_COMMENTS = YES;
				CLANG_WARN_EMPTY_BODY = YES;
				CLANG_WARN_ENUM_CONVERSION = YES;
				CLANG_WARN_INFINITE_RECURSION = YES;
				CLANG_WARN_INT_CONVERSION = YES;
				CLANG_WARN_NON_LITERAL_NULL_CONVERSION = YES;
				CLANG_WARN_OBJC_IMPLICIT_RETAIN_SELF = YES;
				CLANG_WARN_OBJC_LITERAL_CONVERSION = YES;
				CLANG_WARN_OBJC_ROOT_CLASS = YES_ERROR;
				CLANG_WARN_QUOTED_INCLUDE_IN_FRAMEWORK_HEADER = YES;
				CLANG_WARN_RANGE_LOOP_ANALYSIS = YES;
				CLANG_WARN_STRICT_PROTOTYPES = YES;
				CLANG_WARN_SUSPICIOUS_MOVE = YES;
				CLANG_WARN_UNGUARDED_AVAILABILITY = YES_AGGRESSIVE;
				CLANG_WARN_UNREACHABLE_CODE = YES;
				CLANG_WARN__DUPLICATE_METHOD_MATCH = YES;
				COPY_PHASE_STRIP = NO;
				DEBUG_INFORMATION_FORMAT = dwarf;
				ENABLE_STRICT_OBJC_MSGSEND = YES;
				ENABLE_TESTABILITY = YES;
				GCC_C_LANGUAGE_STANDARD = gnu11;
				GCC_DYNAMIC_NO_PIC = NO;
				GCC_NO_COMMON_BLOCKS = YES;
				GCC_OPTIMIZATION_LEVEL = 0;
				GCC_PREPROCESSOR_DEFINITIONS = (
					"DEBUG=1",
					"$(inherited)",
				);
				GCC_WARN_64_TO_32_BIT_CONVERSION = YES;
				GCC_WARN_ABOUT_RETURN_TYPE = YES_ERROR;
				GCC_WARN_UNDECLARED_SELECTOR = YES;
				GCC_WARN_UNINITIALIZED_AUTOS = YES_AGGRESSIVE;
				GCC_WARN_UNUSED_FUNCTION = YES;
				GCC_WARN_UNUSED_VARIABLE = YES;
				IPHONEOS_DEPLOYMENT_TARGET = 15.2;
				MTL_ENABLE_DEBUG_INFO = INCLUDE_SOURCE;
				MTL_FAST_MATH = YES;
				ONLY_ACTIVE_ARCH = YES;
				SDKROOT = iphoneos;
			};
			name = Debug;
		};
		5E76BF64280E8EAE009C8E90 /* Release */ = {
			isa = XCBuildConfiguration;
			buildSettings = {
				ALWAYS_SEARCH_USER_PATHS = NO;
				CLANG_ANALYZER_NONNULL = YES;
				CLANG_ANALYZER_NUMBER_OBJECT_CONVERSION = YES_AGGRESSIVE;
				CLANG_CXX_LANGUAGE_STANDARD = "gnu++17";
				CLANG_CXX_LIBRARY = "libc++";
				CLANG_ENABLE_MODULES = YES;
				CLANG_ENABLE_OBJC_ARC = YES;
				CLANG_ENABLE_OBJC_WEAK = YES;
				CLANG_WARN_BLOCK_CAPTURE_AUTORELEASING = YES;
				CLANG_WARN_BOOL_CONVERSION = YES;
				CLANG_WARN_COMMA = YES;
				CLANG_WARN_CONSTANT_CONVERSION = YES;
				CLANG_WARN_DEPRECATED_OBJC_IMPLEMENTATIONS = YES;
				CLANG_WARN_DIRECT_OBJC_ISA_USAGE = YES_ERROR;
				CLANG_WARN_DOCUMENTATION_COMMENTS = YES;
				CLANG_WARN_EMPTY_BODY = YES;
				CLANG_WARN_ENUM_CONVERSION = YES;
				CLANG_WARN_INFINITE_RECURSION = YES;
				CLANG_WARN_INT_CONVERSION = YES;
				CLANG_WARN_NON_LITERAL_NULL_CONVERSION = YES;
				CLANG_WARN_OBJC_IMPLICIT_RETAIN_SELF = YES;
				CLANG_WARN_OBJC_LITERAL_CONVERSION = YES;
				CLANG_WARN_OBJC_ROOT_CLASS = YES_ERROR;
				CLANG_WARN_QUOTED_INCLUDE_IN_FRAMEWORK_HEADER = YES;
				CLANG_WARN_RANGE_LOOP_ANALYSIS = YES;
				CLANG_WARN_STRICT_PROTOTYPES = YES;
				CLANG_WARN_SUSPICIOUS_MOVE = YES;
				CLANG_WARN_UNGUARDED_AVAILABILITY = YES_AGGRESSIVE;
				CLANG_WARN_UNREACHABLE_CODE = YES;
				CLANG_WARN__DUPLICATE_METHOD_MATCH = YES;
				COPY_PHASE_STRIP = NO;
				DEBUG_INFORMATION_FORMAT = "dwarf-with-dsym";
				ENABLE_NS_ASSERTIONS = NO;
				ENABLE_STRICT_OBJC_MSGSEND = YES;
				GCC_C_LANGUAGE_STANDARD = gnu11;
				GCC_NO_COMMON_BLOCKS = YES;
				GCC_WARN_64_TO_32_BIT_CONVERSION = YES;
				GCC_WARN_ABOUT_RETURN_TYPE = YES_ERROR;
				GCC_WARN_UNDECLARED_SELECTOR = YES;
				GCC_WARN_UNINITIALIZED_AUTOS = YES_AGGRESSIVE;
				GCC_WARN_UNUSED_FUNCTION = YES;
				GCC_WARN_UNUSED_VARIABLE = YES;
				IPHONEOS_DEPLOYMENT_TARGET = 15.2;
				MTL_ENABLE_DEBUG_INFO = NO;
				MTL_FAST_MATH = YES;
				SDKROOT = iphoneos;
				VALIDATE_PRODUCT = YES;
			};
			name = Release;
		};
		5E76BF66280E8EAE009C8E90 /* Debug */ = {
			isa = XCBuildConfiguration;
			baseConfigurationReference = AA0EE5B0B397D5D6F1FE9FD1 /* Pods-MMHiSingDemo.debug.xcconfig */;
			buildSettings = {
				ASSETCATALOG_COMPILER_APPICON_NAME = AppIcon;
				ASSETCATALOG_COMPILER_GLOBAL_ACCENT_COLOR_NAME = AccentColor;
				CODE_SIGN_STYLE = Automatic;
				CURRENT_PROJECT_VERSION = 1;
				DEVELOPMENT_TEAM = F52PY255FC;
				GENERATE_INFOPLIST_FILE = YES;
				INFOPLIST_FILE = MMHiSingDemo/Info.plist;
				INFOPLIST_KEY_UIApplicationSupportsIndirectInputEvents = YES;
				INFOPLIST_KEY_UILaunchStoryboardName = LaunchScreen;
				INFOPLIST_KEY_UIMainStoryboardFile = Main;
				INFOPLIST_KEY_UISupportedInterfaceOrientations_iPad = "UIInterfaceOrientationPortrait UIInterfaceOrientationPortraitUpsideDown UIInterfaceOrientationLandscapeLeft UIInterfaceOrientationLandscapeRight";
				INFOPLIST_KEY_UISupportedInterfaceOrientations_iPhone = "UIInterfaceOrientationPortrait UIInterfaceOrientationLandscapeLeft UIInterfaceOrientationLandscapeRight";
				LD_RUNPATH_SEARCH_PATHS = (
					"$(inherited)",
					"@executable_path/Frameworks",
				);
				MARKETING_VERSION = 1.0;
				PRODUCT_BUNDLE_IDENTIFIER = com.momo.yanbo.demo1.MMHiSingDemo;
				PRODUCT_NAME = "$(TARGET_NAME)";
				SWIFT_EMIT_LOC_STRINGS = YES;
				TARGETED_DEVICE_FAMILY = "1,2";
			};
			name = Debug;
		};
		5E76BF67280E8EAE009C8E90 /* Release */ = {
			isa = XCBuildConfiguration;
			baseConfigurationReference = 46B468FEF53E096E3FD9882D /* Pods-MMHiSingDemo.release.xcconfig */;
			buildSettings = {
				ASSETCATALOG_COMPILER_APPICON_NAME = AppIcon;
				ASSETCATALOG_COMPILER_GLOBAL_ACCENT_COLOR_NAME = AccentColor;
				CODE_SIGN_STYLE = Automatic;
				CURRENT_PROJECT_VERSION = 1;
				DEVELOPMENT_TEAM = F52PY255FC;
				GENERATE_INFOPLIST_FILE = YES;
				INFOPLIST_FILE = MMHiSingDemo/Info.plist;
				INFOPLIST_KEY_UIApplicationSupportsIndirectInputEvents = YES;
				INFOPLIST_KEY_UILaunchStoryboardName = LaunchScreen;
				INFOPLIST_KEY_UIMainStoryboardFile = Main;
				INFOPLIST_KEY_UISupportedInterfaceOrientations_iPad = "UIInterfaceOrientationPortrait UIInterfaceOrientationPortraitUpsideDown UIInterfaceOrientationLandscapeLeft UIInterfaceOrientationLandscapeRight";
				INFOPLIST_KEY_UISupportedInterfaceOrientations_iPhone = "UIInterfaceOrientationPortrait UIInterfaceOrientationLandscapeLeft UIInterfaceOrientationLandscapeRight";
				LD_RUNPATH_SEARCH_PATHS = (
					"$(inherited)",
					"@executable_path/Frameworks",
				);
				MARKETING_VERSION = 1.0;
				PRODUCT_BUNDLE_IDENTIFIER = com.momo.yanbo.demo1.MMHiSingDemo;
				PRODUCT_NAME = "$(TARGET_NAME)";
				SWIFT_EMIT_LOC_STRINGS = YES;
				TARGETED_DEVICE_FAMILY = "1,2";
			};
			name = Release;
		};
		5E76BF69280E8EAE009C8E90 /* Debug */ = {
			isa = XCBuildConfiguration;
			buildSettings = {
				BUNDLE_LOADER = "$(TEST_HOST)";
				CODE_SIGN_STYLE = Automatic;
				CURRENT_PROJECT_VERSION = 1;
				DEVELOPMENT_TEAM = F52PY255FC;
				GENERATE_INFOPLIST_FILE = YES;
				IPHONEOS_DEPLOYMENT_TARGET = 15.2;
				MARKETING_VERSION = 1.0;
				PRODUCT_BUNDLE_IDENTIFIER = com.momo.yanbo.demo1.MMHiSingDemoTests;
				PRODUCT_NAME = "$(TARGET_NAME)";
				SWIFT_EMIT_LOC_STRINGS = NO;
				TARGETED_DEVICE_FAMILY = "1,2";
				TEST_HOST = "$(BUILT_PRODUCTS_DIR)/MMHiSingDemo.app/MMHiSingDemo";
			};
			name = Debug;
		};
		5E76BF6A280E8EAE009C8E90 /* Release */ = {
			isa = XCBuildConfiguration;
			buildSettings = {
				BUNDLE_LOADER = "$(TEST_HOST)";
				CODE_SIGN_STYLE = Automatic;
				CURRENT_PROJECT_VERSION = 1;
				DEVELOPMENT_TEAM = F52PY255FC;
				GENERATE_INFOPLIST_FILE = YES;
				IPHONEOS_DEPLOYMENT_TARGET = 15.2;
				MARKETING_VERSION = 1.0;
				PRODUCT_BUNDLE_IDENTIFIER = com.momo.yanbo.demo1.MMHiSingDemoTests;
				PRODUCT_NAME = "$(TARGET_NAME)";
				SWIFT_EMIT_LOC_STRINGS = NO;
				TARGETED_DEVICE_FAMILY = "1,2";
				TEST_HOST = "$(BUILT_PRODUCTS_DIR)/MMHiSingDemo.app/MMHiSingDemo";
			};
			name = Release;
		};
		5E76BF6C280E8EAE009C8E90 /* Debug */ = {
			isa = XCBuildConfiguration;
			buildSettings = {
				CODE_SIGN_STYLE = Automatic;
				CURRENT_PROJECT_VERSION = 1;
				DEVELOPMENT_TEAM = F52PY255FC;
				GENERATE_INFOPLIST_FILE = YES;
				MARKETING_VERSION = 1.0;
				PRODUCT_BUNDLE_IDENTIFIER = com.momo.yanbo.demo1.MMHiSingDemoUITests;
				PRODUCT_NAME = "$(TARGET_NAME)";
				SWIFT_EMIT_LOC_STRINGS = NO;
				TARGETED_DEVICE_FAMILY = "1,2";
				TEST_TARGET_NAME = MMHiSingDemo;
			};
			name = Debug;
		};
		5E76BF6D280E8EAE009C8E90 /* Release */ = {
			isa = XCBuildConfiguration;
			buildSettings = {
				CODE_SIGN_STYLE = Automatic;
				CURRENT_PROJECT_VERSION = 1;
				DEVELOPMENT_TEAM = F52PY255FC;
				GENERATE_INFOPLIST_FILE = YES;
				MARKETING_VERSION = 1.0;
				PRODUCT_BUNDLE_IDENTIFIER = com.momo.yanbo.demo1.MMHiSingDemoUITests;
				PRODUCT_NAME = "$(TARGET_NAME)";
				SWIFT_EMIT_LOC_STRINGS = NO;
				TARGETED_DEVICE_FAMILY = "1,2";
				TEST_TARGET_NAME = MMHiSingDemo;
			};
			name = Release;
		};
/* End XCBuildConfiguration section */

/* Begin XCConfigurationList section */
		5E76BF31280E8EAC009C8E90 /* Build configuration list for PBXProject "MMHiSingDemo" */ = {
			isa = XCConfigurationList;
			buildConfigurations = (
				5E76BF63280E8EAE009C8E90 /* Debug */,
				5E76BF64280E8EAE009C8E90 /* Release */,
			);
			defaultConfigurationIsVisible = 0;
			defaultConfigurationName = Release;
		};
		5E76BF65280E8EAE009C8E90 /* Build configuration list for PBXNativeTarget "MMHiSingDemo" */ = {
			isa = XCConfigurationList;
			buildConfigurations = (
				5E76BF66280E8EAE009C8E90 /* Debug */,
				5E76BF67280E8EAE009C8E90 /* Release */,
			);
			defaultConfigurationIsVisible = 0;
			defaultConfigurationName = Release;
		};
		5E76BF68280E8EAE009C8E90 /* Build configuration list for PBXNativeTarget "MMHiSingDemoTests" */ = {
			isa = XCConfigurationList;
			buildConfigurations = (
				5E76BF69280E8EAE009C8E90 /* Debug */,
				5E76BF6A280E8EAE009C8E90 /* Release */,
			);
			defaultConfigurationIsVisible = 0;
			defaultConfigurationName = Release;
		};
		5E76BF6B280E8EAE009C8E90 /* Build configuration list for PBXNativeTarget "MMHiSingDemoUITests" */ = {
			isa = XCConfigurationList;
			buildConfigurations = (
				5E76BF6C280E8EAE009C8E90 /* Debug */,
				5E76BF6D280E8EAE009C8E90 /* Release */,
			);
			defaultConfigurationIsVisible = 0;
			defaultConfigurationName = Release;
		};
/* End XCConfigurationList section */
	};
	rootObject = 5E76BF2E280E8EAC009C8E90 /* Project object */;
}
